
Microsoft Visual Studio Solution File, Format Version 12.00
# Visual Studio Version 17
VisualStudioVersion = 17.2.32630.192
MinimumVisualStudioVersion = 10.0.40219.1
Project("{8BC9CEB8-8B4A-11D0-8D11-00A0C91BC942}") = "Plus Minus", "Plus Minus\Plus Minus.vcxproj", "{BFE84951-7281-4992-B333-5FBBDB235B43}"
EndProject
Project("{8BC9CEB8-8B4A-11D0-8D11-00A0C91BC942}") = "Mini-Max Sum", "Mini-Max Sum\Mini-Max Sum.vcxproj", "{B2A621D6-2C09-486C-A835-6B7885F67A52}"
EndProject
Project("{8BC9CEB8-8B4A-11D0-8D11-00A0C91BC942}") = "Time Conversion", "Time Conversion\Time Conversion.vcxproj", "{E064CA7F-4D52-4C5A-B9BE-D7EE958F784A}"
EndProject
Global
	GlobalSection(SolutionConfigurationPlatforms) = preSolution
		Debug|x64 = Debug|x64
		Debug|x86 = Debug|x86
		Release|x64 = Release|x64
		Release|x86 = Release|x86
	EndGlobalSection
	GlobalSection(ProjectConfigurationPlatforms) = postSolution
		{BFE84951-7281-4992-B333-5FBBDB235B43}.Debug|x64.ActiveCfg = Debug|x64
		{BFE84951-7281-4992-B333-5FBBDB235B43}.Debug|x64.Build.0 = Debug|x64
		{BFE84951-7281-4992-B333-5FBBDB235B43}.Debug|x86.ActiveCfg = Debug|Win32
		{BFE84951-7281-4992-B333-5FBBDB235B43}.Debug|x86.Build.0 = Debug|Win32
		{BFE84951-7281-4992-B333-5FBBDB235B43}.Release|x64.ActiveCfg = Release|x64
		{BFE84951-7281-4992-B333-5FBBDB235B43}.Release|x64.Build.0 = Release|x64
		{BFE84951-7281-4992-B333-5FBBDB235B43}.Release|x86.ActiveCfg = Release|Win32
		{BFE84951-7281-4992-B333-5FBBDB235B43}.Release|x86.Build.0 = Release|Win32
		{B2A621D6-2C09-486C-A835-6B7885F67A52}.Debug|x64.ActiveCfg = Debug|x64
		{B2A621D6-2C09-486C-A835-6B7885F67A52}.Debug|x64.Build.0 = Debug|x64
		{B2A621D6-2C09-486C-A835-6B7885F67A52}.Debug|x86.ActiveCfg = Debug|Win32
		{B2A621D6-2C09-486C-A835-6B7885F67A52}.Debug|x86.Build.0 = Debug|Win32
		{B2A621D6-2C09-486C-A835-6B7885F67A52}.Release|x64.ActiveCfg = Release|x64
		{B2A621D6-2C09-486C-A835-6B7885F67A52}.Release|x64.Build.0 = Release|x64
		{B2A621D6-2C09-486C-A835-6B7885F67A52}.Release|x86.ActiveCfg = Release|Win32
		{B2A621D6-2C09-486C-A835-6B7885F67A52}.Release|x86.Build.0 = Release|Win32
		{E064CA7F-4D52-4C5A-B9BE-D7EE958F784A}.Debug|x64.ActiveCfg = Debug|x64
		{E064CA7F-4D52-4C5A-B9BE-D7EE958F784A}.Debug|x64.Build.0 = Debug|x64
		{E064CA7F-4D52-4C5A-B9BE-D7EE958F784A}.Debug|x86.ActiveCfg = Debug|Win32
		{E064CA7F-4D52-4C5A-B9BE-D7EE958F784A}.Debug|x86.Build.0 = Debug|Win32
		{E064CA7F-4D52-4C5A-B9BE-D7EE958F784A}.Release|x64.ActiveCfg = Release|x64
		{E064CA7F-4D52-4C5A-B9BE-D7EE958F784A}.Release|x64.Build.0 = Release|x64
		{E064CA7F-4D52-4C5A-B9BE-D7EE958F784A}.Release|x86.ActiveCfg = Release|Win32
		{E064CA7F-4D52-4C5A-B9BE-D7EE958F784A}.Release|x86.Build.0 = Release|Win32
	EndGlobalSection
	GlobalSection(SolutionProperties) = preSolution
		HideSolutionNode = FALSE
	EndGlobalSection
	GlobalSection(ExtensibilityGlobals) = postSolution
		SolutionGuid = {662178BC-A6AD-4584-97D9-5977D7C15EAB}
	EndGlobalSection
EndGlobal
